# This file is automatically @generated by Cargo.
# It is not intended for manual editing.
version = 4

[[package]]
name = "bytemuck"
version = "1.25.2"
source = "registry+https://github.com/rust-lang/crates.io-index"
checksum = "95832e849adfb21180ccb6826a99da14e5d266ae5c2e668e1602cf234f153797"

[[package]]
name = "fast-float"
version = "0.2.0"
source = "registry+https://github.com/rust-lang/crates.io-index"
checksum = "95765f67b4b18863968b4a1bd5bb576f732b29a4a28c7cd84c09fa3e2875f33c"

[[package]]
name = "libc"
version = "0.2.189"
source = "registry+https://github.com/rust-lang/crates.io-index"
checksum = "3eaf3ede3fee6db1a4c2ee091bf8a8b4dccdc6d17f656fb07896ee72867612f2"

[[package]]
name = "memmap2"
version = "0.9.11"
source = "registry+https://github.com/rust-lang/crates.io-index"
checksum = "d1219ed1b7f229ee7104d281dd01d6802fe28bb6e95d292942c4daacdeb798c0"
dependencies = [
 "libc",
]

[[package]]
name = "percolator-rs"
version = "0.1.0"
dependencies = [
 "fast-float",
 "memmap2",
 "wide",
]

[[package]]
name = "safe_arch"
version = "1.1.0"
source = "registry+https://github.com/rust-lang/crates.io-index"
checksum = "3a52ec151f024d703f9fd65abb7cbe81e7cdb39f18917a3a37e3014470dc7c59"
dependencies = [
 "bytemuck",
]

[[package]]
name = "wide"
version = "1.6.1"
source = "registry+https://github.com/rust-lang/crates.io-index"
checksum = "de2aaf408e58689c2096682331b1f42bb2d9f2ed6b11560407d023cd0a6c634e"
dependencies = [
 "bytemuck",
 "safe_arch",
]
